
Microsoft Visual Studio Solution File, Format Version 12.00
# Visual Studio Version 17
VisualStudioVersion = 17.1.32210.238
MinimumVisualStudioVersion = 10.0.40219.1
Project("{FAE04EC0-301F-11D3-BF4B-00C04F79EFBC}") = "BlazorShopCart", "BlazorShopCart\BlazorShopCart.csproj", "{3508D08C-8DCF-47E3-9577-06AE0921200E}"
EndProject
Global
	GlobalSection(SolutionConfigurationPlatforms) = preSolution
		Debug|Any CPU = Debug|Any CPU
		Release|Any CPU = Release|Any CPU
	EndGlobalSection
	GlobalSection(ProjectConfigurationPlatforms) = postSolution
		{3508D08C-8DCF-47E3-9577-06AE0921200E}.Debug|Any CPU.ActiveCfg = Debug|Any CPU
		{3508D08C-8DCF-47E3-9577-06AE0921200E}.Debug|Any CPU.Build.0 = Debug|Any CPU
		{3508D08C-8DCF-47E3-9577-06AE0921200E}.Release|Any CPU.ActiveCfg = Release|Any CPU
		{3508D08C-8DCF-47E3-9577-06AE0921200E}.Release|Any CPU.Build.0 = Release|Any CPU
	EndGlobalSection
	GlobalSection(SolutionProperties) = preSolution
		HideSolutionNode = FALSE
	EndGlobalSection
	GlobalSection(ExtensibilityGlobals) = postSolution
		SolutionGuid = {0CBDAA4C-D848-4E42-9998-1522119057BB}
	EndGlobalSection
EndGlobal
